
Microsoft Visual Studio Solution File, Format Version 12.00
# Visual Studio Version 17
VisualStudioVersion = 17.1.32210.238
MinimumVisualStudioVersion = 10.0.40219.1
Project("{FAE04EC0-301F-11D3-BF4B-00C04F79EFBC}") = "Exe4_028", "Exe4_028\Exe4_028.csproj", "{A65613CF-1ECA-4DC5-AA58-BEF23044D094}"
EndProject
Global
	GlobalSection(SolutionConfigurationPlatforms) = preSolution
		Debug|Any CPU = Debug|Any CPU
		Release|Any CPU = Release|Any CPU
	EndGlobalSection
	GlobalSection(ProjectConfigurationPlatforms) = postSolution
		{A65613CF-1ECA-4DC5-AA58-BEF23044D094}.Debug|Any CPU.ActiveCfg = Debug|Any CPU
		{A65613CF-1ECA-4DC5-AA58-BEF23044D094}.Debug|Any CPU.Build.0 = Debug|Any CPU
		{A65613CF-1ECA-4DC5-AA58-BEF23044D094}.Release|Any CPU.ActiveCfg = Release|Any CPU
		{A65613CF-1ECA-4DC5-AA58-BEF23044D094}.Release|Any CPU.Build.0 = Release|Any CPU
	EndGlobalSection
	GlobalSection(SolutionProperties) = preSolution
		HideSolutionNode = FALSE
	EndGlobalSection
	GlobalSection(ExtensibilityGlobals) = postSolution
		SolutionGuid = {9C1F088E-D6FD-4721-9D7D-36E702E8B357}
	EndGlobalSection
EndGlobal
